
Microsoft Visual Studio Solution File, Format Version 12.00
# Visual Studio Version 16
VisualStudioVersion = 16.0.30621.155
MinimumVisualStudioVersion = 10.0.40219.1
Project("{FAE04EC0-301F-11D3-BF4B-00C04F79EFBC}") = "ToEachHisOwn", "ToEachHisOwn\ToEachHisOwn.csproj", "{8C96978F-2AF5-4BB1-A7F9-E95CFD310693}"
EndProject
Project("{2150E333-8FDC-42A3-9474-1A3956D46DE8}") = "Test", "Test", "{97968D6A-05A5-4DF0-87B8-6EEB600C5B8A}"
EndProject
Project("{FAE04EC0-301F-11D3-BF4B-00C04F79EFBC}") = "TestConcole", "TestConcole\TestConcole.csproj", "{61DD767C-24A0-4131-97E0-03F8F1EA319D}"
EndProject
Project("{FAE04EC0-301F-11D3-BF4B-00C04F79EFBC}") = "TestWPF", "TestWPF\TestWPF.csproj", "{86508D03-977B-4CC7-8F2E-DB40B389C332}"
EndProject
Global
	GlobalSection(SolutionConfigurationPlatforms) = preSolution
		Debug|Any CPU = Debug|Any CPU
		Release|Any CPU = Release|Any CPU
	EndGlobalSection
	GlobalSection(ProjectConfigurationPlatforms) = postSolution
		{8C96978F-2AF5-4BB1-A7F9-E95CFD310693}.Debug|Any CPU.ActiveCfg = Debug|Any CPU
		{8C96978F-2AF5-4BB1-A7F9-E95CFD310693}.Debug|Any CPU.Build.0 = Debug|Any CPU
		{8C96978F-2AF5-4BB1-A7F9-E95CFD310693}.Release|Any CPU.ActiveCfg = Release|Any CPU
		{8C96978F-2AF5-4BB1-A7F9-E95CFD310693}.Release|Any CPU.Build.0 = Release|Any CPU
		{61DD767C-24A0-4131-97E0-03F8F1EA319D}.Debug|Any CPU.ActiveCfg = Debug|Any CPU
		{61DD767C-24A0-4131-97E0-03F8F1EA319D}.Debug|Any CPU.Build.0 = Debug|Any CPU
		{61DD767C-24A0-4131-97E0-03F8F1EA319D}.Release|Any CPU.ActiveCfg = Release|Any CPU
		{61DD767C-24A0-4131-97E0-03F8F1EA319D}.Release|Any CPU.Build.0 = Release|Any CPU
		{86508D03-977B-4CC7-8F2E-DB40B389C332}.Debug|Any CPU.ActiveCfg = Debug|Any CPU
		{86508D03-977B-4CC7-8F2E-DB40B389C332}.Debug|Any CPU.Build.0 = Debug|Any CPU
		{86508D03-977B-4CC7-8F2E-DB40B389C332}.Release|Any CPU.ActiveCfg = Release|Any CPU
		{86508D03-977B-4CC7-8F2E-DB40B389C332}.Release|Any CPU.Build.0 = Release|Any CPU
	EndGlobalSection
	GlobalSection(SolutionProperties) = preSolution
		HideSolutionNode = FALSE
	EndGlobalSection
	GlobalSection(NestedProjects) = preSolution
		{61DD767C-24A0-4131-97E0-03F8F1EA319D} = {97968D6A-05A5-4DF0-87B8-6EEB600C5B8A}
		{86508D03-977B-4CC7-8F2E-DB40B389C332} = {97968D6A-05A5-4DF0-87B8-6EEB600C5B8A}
	EndGlobalSection
	GlobalSection(ExtensibilityGlobals) = postSolution
		SolutionGuid = {C79CD6FD-B0FF-4C7B-873C-5B6CBE9FE9C7}
	EndGlobalSection
EndGlobal
